
Microsoft Visual Studio Solution File, Format Version 12.00
# Visual Studio Version 17
VisualStudioVersion = 17.14.36221.1 d17.14
MinimumVisualStudioVersion = 10.0.40219.1
Project("{FAE04EC0-301F-11D3-BF4B-00C04F79EFBC}") = "Array_Calculator", "Array_Calculator\Array_Calculator.csproj", "{0BCB5971-983D-4D62-B2CD-47C5424EC3BD}"
EndProject
Global
	GlobalSection(SolutionConfigurationPlatforms) = preSolution
		Debug|Any CPU = Debug|Any CPU
		Release|Any CPU = Release|Any CPU
	EndGlobalSection
	GlobalSection(ProjectConfigurationPlatforms) = postSolution
		{0BCB5971-983D-4D62-B2CD-47C5424EC3BD}.Debug|Any CPU.ActiveCfg = Debug|Any CPU
		{0BCB5971-983D-4D62-B2CD-47C5424EC3BD}.Debug|Any CPU.Build.0 = Debug|Any CPU
		{0BCB5971-983D-4D62-B2CD-47C5424EC3BD}.Release|Any CPU.ActiveCfg = Release|Any CPU
		{0BCB5971-983D-4D62-B2CD-47C5424EC3BD}.Release|Any CPU.Build.0 = Release|Any CPU
	EndGlobalSection
	GlobalSection(SolutionProperties) = preSolution
		HideSolutionNode = FALSE
	EndGlobalSection
	GlobalSection(ExtensibilityGlobals) = postSolution
		SolutionGuid = {A75A7B20-48D1-4CE1-8A36-4E2D822951ED}
	EndGlobalSection
EndGlobal
